
Microsoft Visual Studio Solution File, Format Version 12.00
# Visual Studio 15
VisualStudioVersion = 15.0.28307.902
MinimumVisualStudioVersion = 10.0.40219.1
Project("{FAE04EC0-301F-11D3-BF4B-00C04F79EFBC}") = "Chrysallis", "Chrysallis\Chrysallis.csproj", "{DE32EFA7-8697-458B-A25C-1678CA1D02B8}"
EndProject
Global
	GlobalSection(SolutionConfigurationPlatforms) = preSolution
		Debug|Any CPU = Debug|Any CPU
		Release|Any CPU = Release|Any CPU
	EndGlobalSection
	GlobalSection(ProjectConfigurationPlatforms) = postSolution
		{DE32EFA7-8697-458B-A25C-1678CA1D02B8}.Debug|Any CPU.ActiveCfg = Debug|Any CPU
		{DE32EFA7-8697-458B-A25C-1678CA1D02B8}.Debug|Any CPU.Build.0 = Debug|Any CPU
		{DE32EFA7-8697-458B-A25C-1678CA1D02B8}.Release|Any CPU.ActiveCfg = Release|Any CPU
		{DE32EFA7-8697-458B-A25C-1678CA1D02B8}.Release|Any CPU.Build.0 = Release|Any CPU
	EndGlobalSection
	GlobalSection(SolutionProperties) = preSolution
		HideSolutionNode = FALSE
	EndGlobalSection
	GlobalSection(ExtensibilityGlobals) = postSolution
		RESX_NeutralResourcesLanguage = ca-AD
		RESX_ExcelExportMode = Text
		SolutionGuid = {CD502E5C-D846-4F74-A8E1-45ACD6B4BC38}
	EndGlobalSection
EndGlobal
